<?xml version="1.0" encoding="utf-8"?>
<Project ToolsVersion="4.0" xmlns="http://schemas.microsoft.com/developer/msbuild/2003">
  <ItemGroup>
    <Filter Include="Source Files">
      <UniqueIdentifier>{e07e5696-7273-4748-a780-e41682c67b25}</UniqueIdentifier>
      <Extensions>cpp;c;cxx;rc;def;r;odl;idl;hpj;bat</Extensions>
    </Filter>
    <Filter Include="Header Files">
      <UniqueIdentifier>{ac97c578-9d62-40ac-b406-b1eed0fcf38c}</UniqueIdentifier>
      <Extensions>h;hpp;hxx;hm;inl</Extensions>
    </Filter>
    <Filter Include="Resource Files">
      <UniqueIdentifier>{5247263f-da56-4613-9433-698b02354191}</UniqueIdentifier>
      <Extensions>ico;cur;bmp;dlg;rc2;rct;bin;rgs;gif;jpg;jpeg;jpe</Extensions>
    </Filter>
  </ItemGroup>
  <ItemGroup>
    <ClCompile Include="Export.cpp">
      <Filter>Source Files</Filter>
    </ClCompile>
    <ClCompile Include="ISO8583.cpp">
      <Filter>Source Files</Filter>
    </ClCompile>
    <ClCompile Include="quickdes.cpp">
      <Filter>Source Files</Filter>
    </ClCompile>
    <ClCompile Include="secure.cpp">
      <Filter>Source Files</Filter>
    </ClCompile>
    <ClCompile Include="Smart_userdes.cpp">
      <Filter>Source Files</Filter>
    </ClCompile>
    <ClCompile Include="tool.cpp">
      <Filter>Source Files</Filter>
    </ClCompile>
  </ItemGroup>
  <ItemGroup>
    <ResourceCompile Include="ISO8583.rc">
      <Filter>Source Files</Filter>
    </ResourceCompile>
  </ItemGroup>
  <ItemGroup>
    <ClInclude Include="DEF8583.H">
      <Filter>Header Files</Filter>
    </ClInclude>
    <ClInclude Include="Export.h">
      <Filter>Header Files</Filter>
    </ClInclude>
    <ClInclude Include="ISO8583.h">
      <Filter>Header Files</Filter>
    </ClInclude>
    <ClInclude Include="quickdes.h">
      <Filter>Header Files</Filter>
    </ClInclude>
    <ClInclude Include="secure.h">
      <Filter>Header Files</Filter>
    </ClInclude>
    <ClInclude Include="tool.h">
      <Filter>Header Files</Filter>
    </ClInclude>
  </ItemGroup>
  <ItemGroup>
    <CustomBuild Include="ISO8583.def">
      <Filter>Source Files</Filter>
    </CustomBuild>
  </ItemGroup>
</Project>