
Microsoft Visual Studio Solution File, Format Version 11.00
# Visual Studio 2010
Project("{8BC9CEB8-8B4A-11D0-8D11-00A0C91BC942}") = "ISO8583", "ISO8583.vcxproj", "{99ACCCBE-A682-7998-FDE8-1313DF5336DB}"
EndProject
Global
	GlobalSection(SolutionConfigurationPlatforms) = preSolution
		Debug|Win32 = Debug|Win32
		Release|Win32 = Release|Win32
	EndGlobalSection
	GlobalSection(ProjectConfigurationPlatforms) = postSolution
		{99ACCCBE-A682-7998-FDE8-1313DF5336DB}.Debug|Win32.ActiveCfg = Debug|Win32
		{99ACCCBE-A682-7998-FDE8-1313DF5336DB}.Debug|Win32.Build.0 = Debug|Win32
		{99ACCCBE-A682-7998-FDE8-1313DF5336DB}.Release|Win32.ActiveCfg = Release|Win32
		{99ACCCBE-A682-7998-FDE8-1313DF5336DB}.Release|Win32.Build.0 = Release|Win32
	EndGlobalSection
	GlobalSection(SolutionProperties) = preSolution
		HideSolutionNode = FALSE
	EndGlobalSection
EndGlobal
